
Microsoft Visual Studio Solution File, Format Version 12.00
# Visual Studio 15
VisualStudioVersion = 15.0.27428.2027
MinimumVisualStudioVersion = 10.0.40219.1
Project("{FAE04EC0-301F-11D3-BF4B-00C04F79EFBC}") = "DGJv3", "DGJv3\DGJv3.csproj", "{53970AEC-FD0E-46ED-8269-3FD73DC3DD0F}"
EndProject
Global
	GlobalSection(SolutionConfigurationPlatforms) = preSolution
		Debug|Any CPU = Debug|Any CPU
		Release|Any CPU = Release|Any CPU
	EndGlobalSection
	GlobalSection(ProjectConfigurationPlatforms) = postSolution
		{53970AEC-FD0E-46ED-8269-3FD73DC3DD0F}.Debug|Any CPU.ActiveCfg = Debug|Any CPU
		{53970AEC-FD0E-46ED-8269-3FD73DC3DD0F}.Debug|Any CPU.Build.0 = Debug|Any CPU
		{53970AEC-FD0E-46ED-8269-3FD73DC3DD0F}.Release|Any CPU.ActiveCfg = Release|Any CPU
		{53970AEC-FD0E-46ED-8269-3FD73DC3DD0F}.Release|Any CPU.Build.0 = Release|Any CPU
	EndGlobalSection
	GlobalSection(SolutionProperties) = preSolution
		HideSolutionNode = FALSE
	EndGlobalSection
	GlobalSection(ExtensibilityGlobals) = postSolution
		SolutionGuid = {0426D19B-D35A-40EB-AF6F-0999FFEED9FC}
	EndGlobalSection
EndGlobal
